
Microsoft Visual Studio Solution File, Format Version 9.00
# Visual Studio 2005
# SharpDevelop 2.2.1.2648
Project("{FAE04EC0-301F-11D3-BF4B-00C04F79EFBC}") = "Flowered.UI.SimpleClient", "Flowered.UI.SimpleClient\Flowered.UI.SimpleClient.csproj", "72178AB3-C66A-4788-B332-C380930724DE"
EndProject
Global
	GlobalSection(SolutionConfigurationPlatforms) = preSolution
		Debug|Any CPU = Debug|Any CPU
		Release|Any CPU = Release|Any CPU
	EndGlobalSection
	GlobalSection(ProjectConfigurationPlatforms) = postSolution
		{6B535DE6-DF4E-4CF4-9DC0-A1EE0FA1C409}.Debug|Any CPU.Build.0 = Debug|Any CPU
		{6B535DE6-DF4E-4CF4-9DC0-A1EE0FA1C409}.Debug|Any CPU.ActiveCfg = Debug|Any CPU
		{6B535DE6-DF4E-4CF4-9DC0-A1EE0FA1C409}.Release|Any CPU.Build.0 = Release|Any CPU
		{6B535DE6-DF4E-4CF4-9DC0-A1EE0FA1C409}.Release|Any CPU.ActiveCfg = Release|Any CPU
		{ABFF9C0C-3710-4F82-9DFE-9C194626D8AD}.Debug|Any CPU.Build.0 = Debug|Any CPU
		{ABFF9C0C-3710-4F82-9DFE-9C194626D8AD}.Debug|Any CPU.ActiveCfg = Debug|Any CPU
		{ABFF9C0C-3710-4F82-9DFE-9C194626D8AD}.Release|Any CPU.Build.0 = Release|Any CPU
		{ABFF9C0C-3710-4F82-9DFE-9C194626D8AD}.Release|Any CPU.ActiveCfg = Release|Any CPU
		{C3849D06-1E73-4722-9E4A-20F4CEAA6556}.Debug|Any CPU.Build.0 = Debug|Any CPU
		{C3849D06-1E73-4722-9E4A-20F4CEAA6556}.Debug|Any CPU.ActiveCfg = Debug|Any CPU
		{C3849D06-1E73-4722-9E4A-20F4CEAA6556}.Release|Any CPU.Build.0 = Release|Any CPU
		{C3849D06-1E73-4722-9E4A-20F4CEAA6556}.Release|Any CPU.ActiveCfg = Release|Any CPU
		{65B5B456-6D8C-4D43-A503-A54D072491E8}.Debug|Any CPU.Build.0 = Debug|Any CPU
		{65B5B456-6D8C-4D43-A503-A54D072491E8}.Debug|Any CPU.ActiveCfg = Debug|Any CPU
		{65B5B456-6D8C-4D43-A503-A54D072491E8}.Release|Any CPU.Build.0 = Release|Any CPU
		{65B5B456-6D8C-4D43-A503-A54D072491E8}.Release|Any CPU.ActiveCfg = Release|Any CPU
		{F09FA083-BE33-4CB8-8A50-F439CB1D05BA}.Debug|Any CPU.Build.0 = Debug|Any CPU
		{F09FA083-BE33-4CB8-8A50-F439CB1D05BA}.Debug|Any CPU.ActiveCfg = Debug|Any CPU
		{F09FA083-BE33-4CB8-8A50-F439CB1D05BA}.Release|Any CPU.Build.0 = Release|Any CPU
		{F09FA083-BE33-4CB8-8A50-F439CB1D05BA}.Release|Any CPU.ActiveCfg = Release|Any CPU
		72178AB3-C66A-4788-B332-C380930724DE.Debug|Any CPU.Build.0 = Debug|Any CPU
		72178AB3-C66A-4788-B332-C380930724DE.Debug|Any CPU.ActiveCfg = Debug|Any CPU
		72178AB3-C66A-4788-B332-C380930724DE.Release|Any CPU.Build.0 = Release|Any CPU
		72178AB3-C66A-4788-B332-C380930724DE.Release|Any CPU.ActiveCfg = Release|Any CPU
	EndGlobalSection
EndGlobal
